// !$*UTF8*$!
{
	archiveVersion = 1;
	classes = {
	};
	objectVersion = 50;
	objects = {

/* Begin PBXBuildFile section */
		1922F17425FA5EE70005C43B /* AppDelegate.swift in Sources */ = {isa = PBXBuildFile; fileRef = 1922F17325FA5EE70005C43B /* AppDelegate.swift */; };
		1922F17D25FA5EEC0005C43B /* Assets.xcassets in Resources */ = {isa = PBXBuildFile; fileRef = 1922F17C25FA5EEC0005C43B /* Assets.xcassets */; };
		1922F18025FA5EEC0005C43B /* LaunchScreen.storyboard in Resources */ = {isa = PBXBuildFile; fileRef = 1922F17E25FA5EEC0005C43B /* LaunchScreen.storyboard */; };
		1922F19125FA6E030005C43B /* Coordinator.swift in Sources */ = {isa = PBXBuildFile; fileRef = 1922F19025FA6E030005C43B /* Coordinator.swift */; };
		1922F19525FA6E610005C43B /* MainAppCoordinator.swift in Sources */ = {isa = PBXBuildFile; fileRef = 1922F19425FA6E610005C43B /* MainAppCoordinator.swift */; };
		1922F19E25FA91370005C43B /* MainViewController.swift in Sources */ = {isa = PBXBuildFile; fileRef = 1922F19C25FA91370005C43B /* MainViewController.swift */; };
		1922F19F25FA91370005C43B /* MainViewController.xib in Resources */ = {isa = PBXBuildFile; fileRef = 1922F19D25FA91370005C43B /* MainViewController.xib */; };
		1922F1A325FA98E50005C43B /* ReusableView.swift in Sources */ = {isa = PBXBuildFile; fileRef = 1922F1A225FA98E50005C43B /* ReusableView.swift */; };
		2B1E5CC025FACBE10073048D /* ModuleCoordinator.swift in Sources */ = {isa = PBXBuildFile; fileRef = 2B1E5CBF25FACBE10073048D /* ModuleCoordinator.swift */; };
		2B1E5CC425FACC830073048D /* ModuleViewController.swift in Sources */ = {isa = PBXBuildFile; fileRef = 2B1E5CC225FACC830073048D /* ModuleViewController.swift */; };
		2B1E5CC525FACC830073048D /* ModuleViewController.xib in Resources */ = {isa = PBXBuildFile; fileRef = 2B1E5CC325FACC830073048D /* ModuleViewController.xib */; };
		2B1E5CCB25FBDDC60073048D /* Instantiated.swift in Sources */ = {isa = PBXBuildFile; fileRef = 2B1E5CCA25FBDDC60073048D /* Instantiated.swift */; };
		2B1E5CD725FBE8560073048D /* ModuleViewModel.swift in Sources */ = {isa = PBXBuildFile; fileRef = 2B1E5CD625FBE8560073048D /* ModuleViewModel.swift */; };
		2B1E5CDC25FBEAAE0073048D /* Input.swift in Sources */ = {isa = PBXBuildFile; fileRef = 2B1E5CDB25FBEAAE0073048D /* Input.swift */; };
		D42D1AB8261F7B2000D980D6 /* Storyboard.storyboard in Resources */ = {isa = PBXBuildFile; fileRef = D42D1AB7261F7B2000D980D6 /* Storyboard.storyboard */; };
		D42D1ABB261F8B8400D980D6 /* ThirdScreenViewController.swift in Sources */ = {isa = PBXBuildFile; fileRef = D42D1ABA261F8B8400D980D6 /* ThirdScreenViewController.swift */; };
		D42D1ABE261F8E2600D980D6 /* ThirdScreenCoordinator.swift in Sources */ = {isa = PBXBuildFile; fileRef = D42D1ABD261F8E2600D980D6 /* ThirdScreenCoordinator.swift */; };
		D4E7A8D22620CEF2006A6FA7 /* StoryboardName.swift in Sources */ = {isa = PBXBuildFile; fileRef = D4E7A8D12620CEF2006A6FA7 /* StoryboardName.swift */; };
		D4E7A8DF2620D301006A6FA7 /* FourthScreenCoordinator.swift in Sources */ = {isa = PBXBuildFile; fileRef = D4E7A8DE2620D301006A6FA7 /* FourthScreenCoordinator.swift */; };
		D4E7A8E22620D316006A6FA7 /* FourthScreenViewController.swift in Sources */ = {isa = PBXBuildFile; fileRef = D4E7A8E12620D316006A6FA7 /* FourthScreenViewController.swift */; };
/* End PBXBuildFile section */

/* Begin PBXFileReference section */
		1922F17025FA5EE70005C43B /* CoordinatorPoc.app */ = {isa = PBXFileReference; explicitFileType = wrapper.application; includeInIndex = 0; path = CoordinatorPoc.app; sourceTree = BUILT_PRODUCTS_DIR; };
		1922F17325FA5EE70005C43B /* AppDelegate.swift */ = {isa = PBXFileReference; lastKnownFileType = sourcecode.swift; path = AppDelegate.swift; sourceTree = "<group>"; };
		1922F17C25FA5EEC0005C43B /* Assets.xcassets */ = {isa = PBXFileReference; lastKnownFileType = folder.assetcatalog; path = Assets.xcassets; sourceTree = "<group>"; };
		1922F17F25FA5EEC0005C43B /* Base */ = {isa = PBXFileReference; lastKnownFileType = file.storyboard; name = Base; path = Base.lproj/LaunchScreen.storyboard; sourceTree = "<group>"; };
		1922F18125FA5EEC0005C43B /* Info.plist */ = {isa = PBXFileReference; lastKnownFileType = text.plist.xml; path = Info.plist; sourceTree = "<group>"; };
		1922F19025FA6E030005C43B /* Coordinator.swift */ = {isa = PBXFileReference; lastKnownFileType = sourcecode.swift; path = Coordinator.swift; sourceTree = "<group>"; };
		1922F19425FA6E610005C43B /* MainAppCoordinator.swift */ = {isa = PBXFileReference; lastKnownFileType = sourcecode.swift; path = MainAppCoordinator.swift; sourceTree = "<group>"; };
		1922F19C25FA91370005C43B /* MainViewController.swift */ = {isa = PBXFileReference; lastKnownFileType = sourcecode.swift; path = MainViewController.swift; sourceTree = "<group>"; };
		1922F19D25FA91370005C43B /* MainViewController.xib */ = {isa = PBXFileReference; lastKnownFileType = file.xib; path = MainViewController.xib; sourceTree = "<group>"; };
		1922F1A225FA98E50005C43B /* ReusableView.swift */ = {isa = PBXFileReference; lastKnownFileType = sourcecode.swift; path = ReusableView.swift; sourceTree = "<group>"; };
		2B1E5CBF25FACBE10073048D /* ModuleCoordinator.swift */ = {isa = PBXFileReference; lastKnownFileType = sourcecode.swift; path = ModuleCoordinator.swift; sourceTree = "<group>"; };
		2B1E5CC225FACC830073048D /* ModuleViewController.swift */ = {isa = PBXFileReference; lastKnownFileType = sourcecode.swift; path = ModuleViewController.swift; sourceTree = "<group>"; };
		2B1E5CC325FACC830073048D /* ModuleViewController.xib */ = {isa = PBXFileReference; lastKnownFileType = file.xib; path = ModuleViewController.xib; sourceTree = "<group>"; };
		2B1E5CCA25FBDDC60073048D /* Instantiated.swift */ = {isa = PBXFileReference; lastKnownFileType = sourcecode.swift; path = Instantiated.swift; sourceTree = "<group>"; };
		2B1E5CD625FBE8560073048D /* ModuleViewModel.swift */ = {isa = PBXFileReference; lastKnownFileType = sourcecode.swift; path = ModuleViewModel.swift; sourceTree = "<group>"; };
		2B1E5CDB25FBEAAE0073048D /* Input.swift */ = {isa = PBXFileReference; lastKnownFileType = sourcecode.swift; path = Input.swift; sourceTree = "<group>"; };
		D42D1AB7261F7B2000D980D6 /* Storyboard.storyboard */ = {isa = PBXFileReference; lastKnownFileType = file.storyboard; path = Storyboard.storyboard; sourceTree = "<group>"; };
		D42D1ABA261F8B8400D980D6 /* ThirdScreenViewController.swift */ = {isa = PBXFileReference; lastKnownFileType = sourcecode.swift; path = ThirdScreenViewController.swift; sourceTree = "<group>"; };
		D42D1ABD261F8E2600D980D6 /* ThirdScreenCoordinator.swift */ = {isa = PBXFileReference; lastKnownFileType = sourcecode.swift; path = ThirdScreenCoordinator.swift; sourceTree = "<group>"; };
		D4E7A8D12620CEF2006A6FA7 /* StoryboardName.swift */ = {isa = PBXFileReference; lastKnownFileType = sourcecode.swift; path = StoryboardName.swift; sourceTree = "<group>"; };
		D4E7A8DE2620D301006A6FA7 /* FourthScreenCoordinator.swift */ = {isa = PBXFileReference; lastKnownFileType = sourcecode.swift; path = FourthScreenCoordinator.swift; sourceTree = "<group>"; };
		D4E7A8E12620D316006A6FA7 /* FourthScreenViewController.swift */ = {isa = PBXFileReference; lastKnownFileType = sourcecode.swift; path = FourthScreenViewController.swift; sourceTree = "<group>"; };
/* End PBXFileReference section */

/* Begin PBXFrameworksBuildPhase section */
		1922F16D25FA5EE70005C43B /* Frameworks */ = {
			isa = PBXFrameworksBuildPhase;
			buildActionMask = 2147483647;
			files = (
			);
			runOnlyForDeploymentPostprocessing = 0;
		};
/* End PBXFrameworksBuildPhase section */

/* Begin PBXGroup section */
		1922F16725FA5EE70005C43B = {
			isa = PBXGroup;
			children = (
				1922F17225FA5EE70005C43B /* CoordinatorPoc */,
				1922F17125FA5EE70005C43B /* Products */,
			);
			sourceTree = "<group>";
		};
		1922F17125FA5EE70005C43B /* Products */ = {
			isa = PBXGroup;
			children = (
				1922F17025FA5EE70005C43B /* CoordinatorPoc.app */,
			);
			name = Products;
			sourceTree = "<group>";
		};
		1922F17225FA5EE70005C43B /* CoordinatorPoc */ = {
			isa = PBXGroup;
			children = (
				D4E7A8D02620CEE2006A6FA7 /* Enum */,
				2B1E5CDA25FBEAA40073048D /* Model */,
				2B1E5CD525FBE84C0073048D /* ViewModel */,
				1922F1A125FA98D50005C43B /* Extension */,
				1922F18F25FA6DEE0005C43B /* ViewControllers */,
				1922F18E25FA6DE90005C43B /* Coordinators */,
				1922F17325FA5EE70005C43B /* AppDelegate.swift */,
				1922F17C25FA5EEC0005C43B /* Assets.xcassets */,
				1922F17E25FA5EEC0005C43B /* LaunchScreen.storyboard */,
				1922F18125FA5EEC0005C43B /* Info.plist */,
			);
			path = CoordinatorPoc;
			sourceTree = "<group>";
		};
		1922F18E25FA6DE90005C43B /* Coordinators */ = {
			isa = PBXGroup;
			children = (
				1922F19025FA6E030005C43B /* Coordinator.swift */,
				1922F19425FA6E610005C43B /* MainAppCoordinator.swift */,
				2B1E5CBF25FACBE10073048D /* ModuleCoordinator.swift */,
				D42D1ABD261F8E2600D980D6 /* ThirdScreenCoordinator.swift */,
				D4E7A8DE2620D301006A6FA7 /* FourthScreenCoordinator.swift */,
			);
			path = Coordinators;
			sourceTree = "<group>";
		};
		1922F18F25FA6DEE0005C43B /* ViewControllers */ = {
			isa = PBXGroup;
			children = (
				1922F19C25FA91370005C43B /* MainViewController.swift */,
				1922F19D25FA91370005C43B /* MainViewController.xib */,
				2B1E5CC225FACC830073048D /* ModuleViewController.swift */,
				2B1E5CC325FACC830073048D /* ModuleViewController.xib */,
				D42D1ABA261F8B8400D980D6 /* ThirdScreenViewController.swift */,
				D42D1AB7261F7B2000D980D6 /* Storyboard.storyboard */,
				D4E7A8E12620D316006A6FA7 /* FourthScreenViewController.swift */,
			);
			path = ViewControllers;
			sourceTree = "<group>";
		};
		1922F1A125FA98D50005C43B /* Extension */ = {
			isa = PBXGroup;
			children = (
				1922F1A225FA98E50005C43B /* ReusableView.swift */,
				2B1E5CCA25FBDDC60073048D /* Instantiated.swift */,
			);
			path = Extension;
			sourceTree = "<group>";
		};
		2B1E5CD525FBE84C0073048D /* ViewModel */ = {
			isa = PBXGroup;
			children = (
				2B1E5CD625FBE8560073048D /* ModuleViewModel.swift */,
			);
			path = ViewModel;
			sourceTree = "<group>";
		};
		2B1E5CDA25FBEAA40073048D /* Model */ = {
			isa = PBXGroup;
			children = (
				2B1E5CDB25FBEAAE0073048D /* Input.swift */,
			);
			path = Model;
			sourceTree = "<group>";
		};
		D4E7A8D02620CEE2006A6FA7 /* Enum */ = {
			isa = PBXGroup;
			children = (
				D4E7A8D12620CEF2006A6FA7 /* StoryboardName.swift */,
			);
			path = Enum;
			sourceTree = "<group>";
		};
/* End PBXGroup section */

/* Begin PBXNativeTarget section */
		1922F16F25FA5EE70005C43B /* CoordinatorPoc */ = {
			isa = PBXNativeTarget;
			buildConfigurationList = 1922F18425FA5EEC0005C43B /* Build configuration list for PBXNativeTarget "CoordinatorPoc" */;
			buildPhases = (
				1922F16C25FA5EE70005C43B /* Sources */,
				1922F16D25FA5EE70005C43B /* Frameworks */,
				1922F16E25FA5EE70005C43B /* Resources */,
			);
			buildRules = (
			);
			dependencies = (
			);
			name = CoordinatorPoc;
			productName = CoordinatorPoc;
			productReference = 1922F17025FA5EE70005C43B /* CoordinatorPoc.app */;
			productType = "com.apple.product-type.application";
		};
/* End PBXNativeTarget section */

/* Begin PBXProject section */
		1922F16825FA5EE70005C43B /* Project object */ = {
			isa = PBXProject;
			attributes = {
				LastSwiftUpdateCheck = 1240;
				LastUpgradeCheck = 1240;
				TargetAttributes = {
					1922F16F25FA5EE70005C43B = {
						CreatedOnToolsVersion = 12.4;
					};
				};
			};
			buildConfigurationList = 1922F16B25FA5EE70005C43B /* Build configuration list for PBXProject "CoordinatorPoc" */;
			compatibilityVersion = "Xcode 9.3";
			developmentRegion = en;
			hasScannedForEncodings = 0;
			knownRegions = (
				en,
				Base,
			);
			mainGroup = 1922F16725FA5EE70005C43B;
			productRefGroup = 1922F17125FA5EE70005C43B /* Products */;
			projectDirPath = "";
			projectRoot = "";
			targets = (
				1922F16F25FA5EE70005C43B /* CoordinatorPoc */,
			);
		};
/* End PBXProject section */

/* Begin PBXResourcesBuildPhase section */
		1922F16E25FA5EE70005C43B /* Resources */ = {
			isa = PBXResourcesBuildPhase;
			buildActionMask = 2147483647;
			files = (
				1922F18025FA5EEC0005C43B /* LaunchScreen.storyboard in Resources */,
				1922F19F25FA91370005C43B /* MainViewController.xib in Resources */,
				2B1E5CC525FACC830073048D /* ModuleViewController.xib in Resources */,
				1922F17D25FA5EEC0005C43B /* Assets.xcassets in Resources */,
				D42D1AB8261F7B2000D980D6 /* Storyboard.storyboard in Resources */,
			);
			runOnlyForDeploymentPostprocessing = 0;
		};
/* End PBXResourcesBuildPhase section */

/* Begin PBXSourcesBuildPhase section */
		1922F16C25FA5EE70005C43B /* Sources */ = {
			isa = PBXSourcesBuildPhase;
			buildActionMask = 2147483647;
			files = (
				2B1E5CDC25FBEAAE0073048D /* Input.swift in Sources */,
				2B1E5CC025FACBE10073048D /* ModuleCoordinator.swift in Sources */,
				D42D1ABE261F8E2600D980D6 /* ThirdScreenCoordinator.swift in Sources */,
				1922F19525FA6E610005C43B /* MainAppCoordinator.swift in Sources */,
				D4E7A8E22620D316006A6FA7 /* FourthScreenViewController.swift in Sources */,
				2B1E5CC425FACC830073048D /* ModuleViewController.swift in Sources */,
				1922F1A325FA98E50005C43B /* ReusableView.swift in Sources */,
				2B1E5CD725FBE8560073048D /* ModuleViewModel.swift in Sources */,
				1922F17425FA5EE70005C43B /* AppDelegate.swift in Sources */,
				D4E7A8DF2620D301006A6FA7 /* FourthScreenCoordinator.swift in Sources */,
				1922F19125FA6E030005C43B /* Coordinator.swift in Sources */,
				D42D1ABB261F8B8400D980D6 /* ThirdScreenViewController.swift in Sources */,
				2B1E5CCB25FBDDC60073048D /* Instantiated.swift in Sources */,
				1922F19E25FA91370005C43B /* MainViewController.swift in Sources */,
				D4E7A8D22620CEF2006A6FA7 /* StoryboardName.swift in Sources */,
			);
			runOnlyForDeploymentPostprocessing = 0;
		};
/* End PBXSourcesBuildPhase section */

/* Begin PBXVariantGroup section */
		1922F17E25FA5EEC0005C43B /* LaunchScreen.storyboard */ = {
			isa = PBXVariantGroup;
			children = (
				1922F17F25FA5EEC0005C43B /* Base */,
			);
			name = LaunchScreen.storyboard;
			sourceTree = "<group>";
		};
/* End PBXVariantGroup section */

/* Begin XCBuildConfiguration section */
		1922F18225FA5EEC0005C43B /* Debug */ = {
			isa = XCBuildConfiguration;
			buildSettings = {
				ALWAYS_SEARCH_USER_PATHS = NO;
				CLANG_ANALYZER_NONNULL = YES;
				CLANG_ANALYZER_NUMBER_OBJECT_CONVERSION = YES_AGGRESSIVE;
				CLANG_CXX_LANGUAGE_STANDARD = "gnu++14";
				CLANG_CXX_LIBRARY = "libc++";
				CLANG_ENABLE_MODULES = YES;
				CLANG_ENABLE_OBJC_ARC = YES;
				CLANG_ENABLE_OBJC_WEAK = YES;
				CLANG_WARN_BLOCK_CAPTURE_AUTORELEASING = YES;
				CLANG_WARN_BOOL_CONVERSION = YES;
				CLANG_WARN_COMMA = YES;
				CLANG_WARN_CONSTANT_CONVERSION = YES;
				CLANG_WARN_DEPRECATED_OBJC_IMPLEMENTATIONS = YES;
				CLANG_WARN_DIRECT_OBJC_ISA_USAGE = YES_ERROR;
				CLANG_WARN_DOCUMENTATION_COMMENTS = YES;
				CLANG_WARN_EMPTY_BODY = YES;
				CLANG_WARN_ENUM_CONVERSION = YES;
				CLANG_WARN_INFINITE_RECURSION = YES;
				CLANG_WARN_INT_CONVERSION = YES;
				CLANG_WARN_NON_LITERAL_NULL_CONVERSION = YES;
				CLANG_WARN_OBJC_IMPLICIT_RETAIN_SELF = YES;
				CLANG_WARN_OBJC_LITERAL_CONVERSION = YES;
				CLANG_WARN_OBJC_ROOT_CLASS = YES_ERROR;
				CLANG_WARN_QUOTED_INCLUDE_IN_FRAMEWORK_HEADER = YES;
				CLANG_WARN_RANGE_LOOP_ANALYSIS = YES;
				CLANG_WARN_STRICT_PROTOTYPES = YES;
				CLANG_WARN_SUSPICIOUS_MOVE = YES;
				CLANG_WARN_UNGUARDED_AVAILABILITY = YES_AGGRESSIVE;
				CLANG_WARN_UNREACHABLE_CODE = YES;
				CLANG_WARN__DUPLICATE_METHOD_MATCH = YES;
				COPY_PHASE_STRIP = NO;
				DEBUG_INFORMATION_FORMAT = dwarf;
				ENABLE_STRICT_OBJC_MSGSEND = YES;
				ENABLE_TESTABILITY = YES;
				GCC_C_LANGUAGE_STANDARD = gnu11;
				GCC_DYNAMIC_NO_PIC = NO;
				GCC_NO_COMMON_BLOCKS = YES;
				GCC_OPTIMIZATION_LEVEL = 0;
				GCC_PREPROCESSOR_DEFINITIONS = (
					"DEBUG=1",
					"$(inherited)",
				);
				GCC_WARN_64_TO_32_BIT_CONVERSION = YES;
				GCC_WARN_ABOUT_RETURN_TYPE = YES_ERROR;
				GCC_WARN_UNDECLARED_SELECTOR = YES;
				GCC_WARN_UNINITIALIZED_AUTOS = YES_AGGRESSIVE;
				GCC_WARN_UNUSED_FUNCTION = YES;
				GCC_WARN_UNUSED_VARIABLE = YES;
				IPHONEOS_DEPLOYMENT_TARGET = 14.4;
				MTL_ENABLE_DEBUG_INFO = INCLUDE_SOURCE;
				MTL_FAST_MATH = YES;
				ONLY_ACTIVE_ARCH = YES;
				SDKROOT = iphoneos;
				SWIFT_ACTIVE_COMPILATION_CONDITIONS = DEBUG;
				SWIFT_OPTIMIZATION_LEVEL = "-Onone";
			};
			name = Debug;
		};
		1922F18325FA5EEC0005C43B /* Release */ = {
			isa = XCBuildConfiguration;
			buildSettings = {
				ALWAYS_SEARCH_USER_PATHS = NO;
				CLANG_ANALYZER_NONNULL = YES;
				CLANG_ANALYZER_NUMBER_OBJECT_CONVERSION = YES_AGGRESSIVE;
				CLANG_CXX_LANGUAGE_STANDARD = "gnu++14";
				CLANG_CXX_LIBRARY = "libc++";
				CLANG_ENABLE_MODULES = YES;
				CLANG_ENABLE_OBJC_ARC = YES;
				CLANG_ENABLE_OBJC_WEAK = YES;
				CLANG_WARN_BLOCK_CAPTURE_AUTORELEASING = YES;
				CLANG_WARN_BOOL_CONVERSION = YES;
				CLANG_WARN_COMMA = YES;
				CLANG_WARN_CONSTANT_CONVERSION = YES;
				CLANG_WARN_DEPRECATED_OBJC_IMPLEMENTATIONS = YES;
				CLANG_WARN_DIRECT_OBJC_ISA_USAGE = YES_ERROR;
				CLANG_WARN_DOCUMENTATION_COMMENTS = YES;
				CLANG_WARN_EMPTY_BODY = YES;
				CLANG_WARN_ENUM_CONVERSION = YES;
				CLANG_WARN_INFINITE_RECURSION = YES;
				CLANG_WARN_INT_CONVERSION = YES;
				CLANG_WARN_NON_LITERAL_NULL_CONVERSION = YES;
				CLANG_WARN_OBJC_IMPLICIT_RETAIN_SELF = YES;
				CLANG_WARN_OBJC_LITERAL_CONVERSION = YES;
				CLANG_WARN_OBJC_ROOT_CLASS = YES_ERROR;
				CLANG_WARN_QUOTED_INCLUDE_IN_FRAMEWORK_HEADER = YES;
				CLANG_WARN_RANGE_LOOP_ANALYSIS = YES;
				CLANG_WARN_STRICT_PROTOTYPES = YES;
				CLANG_WARN_SUSPICIOUS_MOVE = YES;
				CLANG_WARN_UNGUARDED_AVAILABILITY = YES_AGGRESSIVE;
				CLANG_WARN_UNREACHABLE_CODE = YES;
				CLANG_WARN__DUPLICATE_METHOD_MATCH = YES;
				COPY_PHASE_STRIP = NO;
				DEBUG_INFORMATION_FORMAT = "dwarf-with-dsym";
				ENABLE_NS_ASSERTIONS = NO;
				ENABLE_STRICT_OBJC_MSGSEND = YES;
				GCC_C_LANGUAGE_STANDARD = gnu11;
				GCC_NO_COMMON_BLOCKS = YES;
				GCC_WARN_64_TO_32_BIT_CONVERSION = YES;
				GCC_WARN_ABOUT_RETURN_TYPE = YES_ERROR;
				GCC_WARN_UNDECLARED_SELECTOR = YES;
				GCC_WARN_UNINITIALIZED_AUTOS = YES_AGGRESSIVE;
				GCC_WARN_UNUSED_FUNCTION = YES;
				GCC_WARN_UNUSED_VARIABLE = YES;
				IPHONEOS_DEPLOYMENT_TARGET = 14.4;
				MTL_ENABLE_DEBUG_INFO = NO;
				MTL_FAST_MATH = YES;
				SDKROOT = iphoneos;
				SWIFT_COMPILATION_MODE = wholemodule;
				SWIFT_OPTIMIZATION_LEVEL = "-O";
				VALIDATE_PRODUCT = YES;
			};
			name = Release;
		};
		1922F18525FA5EEC0005C43B /* Debug */ = {
			isa = XCBuildConfiguration;
			buildSettings = {
				ASSETCATALOG_COMPILER_APPICON_NAME = AppIcon;
				ASSETCATALOG_COMPILER_GLOBAL_ACCENT_COLOR_NAME = AccentColor;
				CODE_SIGN_STYLE = Automatic;
				INFOPLIST_FILE = CoordinatorPoc/Info.plist;
				LD_RUNPATH_SEARCH_PATHS = (
					"$(inherited)",
					"@executable_path/Frameworks",
				);
				PRODUCT_BUNDLE_IDENTIFIER = br.com.CoordinatorPoc;
				PRODUCT_NAME = "$(TARGET_NAME)";
				SWIFT_VERSION = 5.0;
				TARGETED_DEVICE_FAMILY = "1,2";
			};
			name = Debug;
		};
		1922F18625FA5EEC0005C43B /* Release */ = {
			isa = XCBuildConfiguration;
			buildSettings = {
				ASSETCATALOG_COMPILER_APPICON_NAME = AppIcon;
				ASSETCATALOG_COMPILER_GLOBAL_ACCENT_COLOR_NAME = AccentColor;
				CODE_SIGN_STYLE = Automatic;
				INFOPLIST_FILE = CoordinatorPoc/Info.plist;
				LD_RUNPATH_SEARCH_PATHS = (
					"$(inherited)",
					"@executable_path/Frameworks",
				);
				PRODUCT_BUNDLE_IDENTIFIER = br.com.CoordinatorPoc;
				PRODUCT_NAME = "$(TARGET_NAME)";
				SWIFT_VERSION = 5.0;
				TARGETED_DEVICE_FAMILY = "1,2";
			};
			name = Release;
		};
/* End XCBuildConfiguration section */

/* Begin XCConfigurationList section */
		1922F16B25FA5EE70005C43B /* Build configuration list for PBXProject "CoordinatorPoc" */ = {
			isa = XCConfigurationList;
			buildConfigurations = (
				1922F18225FA5EEC0005C43B /* Debug */,
				1922F18325FA5EEC0005C43B /* Release */,
			);
			defaultConfigurationIsVisible = 0;
			defaultConfigurationName = Release;
		};
		1922F18425FA5EEC0005C43B /* Build configuration list for PBXNativeTarget "CoordinatorPoc" */ = {
			isa = XCConfigurationList;
			buildConfigurations = (
				1922F18525FA5EEC0005C43B /* Debug */,
				1922F18625FA5EEC0005C43B /* Release */,
			);
			defaultConfigurationIsVisible = 0;
			defaultConfigurationName = Release;
		};
/* End XCConfigurationList section */
	};
	rootObject = 1922F16825FA5EE70005C43B /* Project object */;
}
